
Microsoft Visual Studio Solution File, Format Version 12.00
# Visual Studio Version 17
VisualStudioVersion = 17.12.35514.174
MinimumVisualStudioVersion = 10.0.40219.1
Project("{FAE04EC0-301F-11D3-BF4B-00C04F79EFBC}") = "DoctorAppointmentSystemAPI", "DoctorAppointmentSystemAPI\DoctorAppointmentSystemAPI.csproj", "{31D50D9E-7A79-4B78-B2E8-767B4A396D93}"
EndProject
Project("{FAE04EC0-301F-11D3-BF4B-00C04F79EFBC}") = "DoctorAppointmentApiGateway", "..\..\DoctorAppointmentApiGateway\DoctorAppointmentApiGateway\DoctorAppointmentApiGateway.csproj", "{247F1082-50B9-4D90-A2E7-27AA730F05C1}"
EndProject
Project("{FAE04EC0-301F-11D3-BF4B-00C04F79EFBC}") = "CommentsService", "..\CommentsService\CommentsService\CommentsService.csproj", "{657BD603-944C-4994-BD4C-009FD8408524}"
EndProject
Global
	GlobalSection(SolutionConfigurationPlatforms) = preSolution
		Debug|Any CPU = Debug|Any CPU
		Release|Any CPU = Release|Any CPU
	EndGlobalSection
	GlobalSection(ProjectConfigurationPlatforms) = postSolution
		{31D50D9E-7A79-4B78-B2E8-767B4A396D93}.Debug|Any CPU.ActiveCfg = Debug|Any CPU
		{31D50D9E-7A79-4B78-B2E8-767B4A396D93}.Debug|Any CPU.Build.0 = Debug|Any CPU
		{31D50D9E-7A79-4B78-B2E8-767B4A396D93}.Release|Any CPU.ActiveCfg = Release|Any CPU
		{31D50D9E-7A79-4B78-B2E8-767B4A396D93}.Release|Any CPU.Build.0 = Release|Any CPU
		{247F1082-50B9-4D90-A2E7-27AA730F05C1}.Debug|Any CPU.ActiveCfg = Debug|Any CPU
		{247F1082-50B9-4D90-A2E7-27AA730F05C1}.Debug|Any CPU.Build.0 = Debug|Any CPU
		{247F1082-50B9-4D90-A2E7-27AA730F05C1}.Release|Any CPU.ActiveCfg = Release|Any CPU
		{247F1082-50B9-4D90-A2E7-27AA730F05C1}.Release|Any CPU.Build.0 = Release|Any CPU
		{657BD603-944C-4994-BD4C-009FD8408524}.Debug|Any CPU.ActiveCfg = Debug|Any CPU
		{657BD603-944C-4994-BD4C-009FD8408524}.Debug|Any CPU.Build.0 = Debug|Any CPU
		{657BD603-944C-4994-BD4C-009FD8408524}.Release|Any CPU.ActiveCfg = Release|Any CPU
		{657BD603-944C-4994-BD4C-009FD8408524}.Release|Any CPU.Build.0 = Release|Any CPU
	EndGlobalSection
	GlobalSection(SolutionProperties) = preSolution
		HideSolutionNode = FALSE
	EndGlobalSection
EndGlobal
