
Microsoft Visual Studio Solution File, Format Version 12.00
# Visual Studio Version 17
VisualStudioVersion = 17.11.35327.3
MinimumVisualStudioVersion = 10.0.40219.1
Project("{FAE04EC0-301F-11D3-BF4B-00C04F79EFBC}") = "CommentsService", "CommentsService\CommentsService.csproj", "{3C1CEDBE-2AD1-4D7C-8DAF-A4F04B6498CF}"
EndProject
Global
	GlobalSection(SolutionConfigurationPlatforms) = preSolution
		Debug|Any CPU = Debug|Any CPU
		Release|Any CPU = Release|Any CPU
	EndGlobalSection
	GlobalSection(ProjectConfigurationPlatforms) = postSolution
		{3C1CEDBE-2AD1-4D7C-8DAF-A4F04B6498CF}.Debug|Any CPU.ActiveCfg = Debug|Any CPU
		{3C1CEDBE-2AD1-4D7C-8DAF-A4F04B6498CF}.Debug|Any CPU.Build.0 = Debug|Any CPU
		{3C1CEDBE-2AD1-4D7C-8DAF-A4F04B6498CF}.Release|Any CPU.ActiveCfg = Release|Any CPU
		{3C1CEDBE-2AD1-4D7C-8DAF-A4F04B6498CF}.Release|Any CPU.Build.0 = Release|Any CPU
	EndGlobalSection
	GlobalSection(SolutionProperties) = preSolution
		HideSolutionNode = FALSE
	EndGlobalSection
	GlobalSection(ExtensibilityGlobals) = postSolution
		SolutionGuid = {A814FBE9-15E3-4A8F-B140-7768AAD8675E}
	EndGlobalSection
EndGlobal
